# This file is automatically generated.
# It is not intended for manual editing.
version = 1

[[packages]]
name = "betty-blocks:random-hex"
registry = "localhost:8000"

[[packages.versions]]
requirement = "=1.0.0"
version = "1.0.0"
digest = "sha256:7052318927ed190117c7cb5f955efeff68d29625d4445da67506aa9b46727ea6"
